// !$*UTF8*$!
{
	archiveVersion = 1;
	classes = {
	};
	objectVersion = 50;
	objects = {

/* Begin PBXBuildFile section */
		7D21B4FB2134987C008222FD /* AppDelegate.swift in Sources */ = {isa = PBXBuildFile; fileRef = 7D21B4FA2134987C008222FD /* AppDelegate.swift */; };
		7D21B4FD2134987C008222FD /* ViewController.swift in Sources */ = {isa = PBXBuildFile; fileRef = 7D21B4FC2134987C008222FD /* ViewController.swift */; };
		7D21B5002134987C008222FD /* Main.storyboard in Resources */ = {isa = PBXBuildFile; fileRef = 7D21B4FE2134987C008222FD /* Main.storyboard */; };
		7D21B5022134987D008222FD /* Assets.xcassets in Resources */ = {isa = PBXBuildFile; fileRef = 7D21B5012134987D008222FD /* Assets.xcassets */; };
		7D21B5052134987D008222FD /* LaunchScreen.storyboard in Resources */ = {isa = PBXBuildFile; fileRef = 7D21B5032134987D008222FD /* LaunchScreen.storyboard */; };
		7D21B5102134987D008222FD /* FavoriteThingsTests.swift in Sources */ = {isa = PBXBuildFile; fileRef = 7D21B50F2134987D008222FD /* FavoriteThingsTests.swift */; };
		7D21B51B2134987D008222FD /* FavoriteThingsUITests.swift in Sources */ = {isa = PBXBuildFile; fileRef = 7D21B51A2134987D008222FD /* FavoriteThingsUITests.swift */; };
/* End PBXBuildFile section */

/* Begin PBXContainerItemProxy section */
		7D21B50C2134987D008222FD /* PBXContainerItemProxy */ = {
			isa = PBXContainerItemProxy;
			containerPortal = 7D21B4EF2134987C008222FD /* Project object */;
			proxyType = 1;
			remoteGlobalIDString = 7D21B4F62134987C008222FD;
			remoteInfo = FavoriteThings;
		};
		7D21B5172134987D008222FD /* PBXContainerItemProxy */ = {
			isa = PBXContainerItemProxy;
			containerPortal = 7D21B4EF2134987C008222FD /* Project object */;
			proxyType = 1;
			remoteGlobalIDString = 7D21B4F62134987C008222FD;
			remoteInfo = FavoriteThings;
		};
/* End PBXContainerItemProxy section */

/* Begin PBXFileReference section */
		7D21B4F72134987C008222FD /* FavoriteThings.app */ = {isa = PBXFileReference; explicitFileType = wrapper.application; includeInIndex = 0; path = FavoriteThings.app; sourceTree = BUILT_PRODUCTS_DIR; };
		7D21B4FA2134987C008222FD /* AppDelegate.swift */ = {isa = PBXFileReference; lastKnownFileType = sourcecode.swift; path = AppDelegate.swift; sourceTree = "<group>"; };
		7D21B4FC2134987C008222FD /* ViewController.swift */ = {isa = PBXFileReference; lastKnownFileType = sourcecode.swift; path = ViewController.swift; sourceTree = "<group>"; };
		7D21B4FF2134987C008222FD /* Base */ = {isa = PBXFileReference; lastKnownFileType = file.storyboard; name = Base; path = Base.lproj/Main.storyboard; sourceTree = "<group>"; };
		7D21B5012134987D008222FD /* Assets.xcassets */ = {isa = PBXFileReference; lastKnownFileType = folder.assetcatalog; path = Assets.xcassets; sourceTree = "<group>"; };
		7D21B5042134987D008222FD /* Base */ = {isa = PBXFileReference; lastKnownFileType = file.storyboard; name = Base; path = Base.lproj/LaunchScreen.storyboard; sourceTree = "<group>"; };
		7D21B5062134987D008222FD /* Info.plist */ = {isa = PBXFileReference; lastKnownFileType = text.plist.xml; path = Info.plist; sourceTree = "<group>"; };
		7D21B50B2134987D008222FD /* FavoriteThingsTests.xctest */ = {isa = PBXFileReference; explicitFileType = wrapper.cfbundle; includeInIndex = 0; path = FavoriteThingsTests.xctest; sourceTree = BUILT_PRODUCTS_DIR; };
		7D21B50F2134987D008222FD /* FavoriteThingsTests.swift */ = {isa = PBXFileReference; lastKnownFileType = sourcecode.swift; path = FavoriteThingsTests.swift; sourceTree = "<group>"; };
		7D21B5112134987D008222FD /* Info.plist */ = {isa = PBXFileReference; lastKnownFileType = text.plist.xml; path = Info.plist; sourceTree = "<group>"; };
		7D21B5162134987D008222FD /* FavoriteThingsUITests.xctest */ = {isa = PBXFileReference; explicitFileType = wrapper.cfbundle; includeInIndex = 0; path = FavoriteThingsUITests.xctest; sourceTree = BUILT_PRODUCTS_DIR; };
		7D21B51A2134987D008222FD /* FavoriteThingsUITests.swift */ = {isa = PBXFileReference; lastKnownFileType = sourcecode.swift; path = FavoriteThingsUITests.swift; sourceTree = "<group>"; };
		7D21B51C2134987D008222FD /* Info.plist */ = {isa = PBXFileReference; lastKnownFileType = text.plist.xml; path = Info.plist; sourceTree = "<group>"; };
/* End PBXFileReference section */

/* Begin PBXFrameworksBuildPhase section */
		7D21B4F42134987C008222FD /* Frameworks */ = {
			isa = PBXFrameworksBuildPhase;
			buildActionMask = 2147483647;
			files = (
			);
			runOnlyForDeploymentPostprocessing = 0;
		};
		7D21B5082134987D008222FD /* Frameworks */ = {
			isa = PBXFrameworksBuildPhase;
			buildActionMask = 2147483647;
			files = (
			);
			runOnlyForDeploymentPostprocessing = 0;
		};
		7D21B5132134987D008222FD /* Frameworks */ = {
			isa = PBXFrameworksBuildPhase;
			buildActionMask = 2147483647;
			files = (
			);
			runOnlyForDeploymentPostprocessing = 0;
		};
/* End PBXFrameworksBuildPhase section */

/* Begin PBXGroup section */
		7D21B4EE2134987C008222FD = {
			isa = PBXGroup;
			children = (
				7D21B4F92134987C008222FD /* FavoriteThings */,
				7D21B50E2134987D008222FD /* FavoriteThingsTests */,
				7D21B5192134987D008222FD /* FavoriteThingsUITests */,
				7D21B4F82134987C008222FD /* Products */,
			);
			sourceTree = "<group>";
		};
		7D21B4F82134987C008222FD /* Products */ = {
			isa = PBXGroup;
			children = (
				7D21B4F72134987C008222FD /* FavoriteThings.app */,
				7D21B50B2134987D008222FD /* FavoriteThingsTests.xctest */,
				7D21B5162134987D008222FD /* FavoriteThingsUITests.xctest */,
			);
			name = Products;
			sourceTree = "<group>";
		};
		7D21B4F92134987C008222FD /* FavoriteThings */ = {
			isa = PBXGroup;
			children = (
				7D21B4FA2134987C008222FD /* AppDelegate.swift */,
				7D21B4FC2134987C008222FD /* ViewController.swift */,
				7D21B4FE2134987C008222FD /* Main.storyboard */,
				7D21B5012134987D008222FD /* Assets.xcassets */,
				7D21B5032134987D008222FD /* LaunchScreen.storyboard */,
				7D21B5062134987D008222FD /* Info.plist */,
			);
			path = FavoriteThings;
			sourceTree = "<group>";
		};
		7D21B50E2134987D008222FD /* FavoriteThingsTests */ = {
			isa = PBXGroup;
			children = (
				7D21B50F2134987D008222FD /* FavoriteThingsTests.swift */,
				7D21B5112134987D008222FD /* Info.plist */,
			);
			path = FavoriteThingsTests;
			sourceTree = "<group>";
		};
		7D21B5192134987D008222FD /* FavoriteThingsUITests */ = {
			isa = PBXGroup;
			children = (
				7D21B51A2134987D008222FD /* FavoriteThingsUITests.swift */,
				7D21B51C2134987D008222FD /* Info.plist */,
			);
			path = FavoriteThingsUITests;
			sourceTree = "<group>";
		};
/* End PBXGroup section */

/* Begin PBXNativeTarget section */
		7D21B4F62134987C008222FD /* FavoriteThings */ = {
			isa = PBXNativeTarget;
			buildConfigurationList = 7D21B51F2134987D008222FD /* Build configuration list for PBXNativeTarget "FavoriteThings" */;
			buildPhases = (
				7D21B4F32134987C008222FD /* Sources */,
				7D21B4F42134987C008222FD /* Frameworks */,
				7D21B4F52134987C008222FD /* Resources */,
			);
			buildRules = (
			);
			dependencies = (
			);
			name = FavoriteThings;
			productName = FavoriteThings;
			productReference = 7D21B4F72134987C008222FD /* FavoriteThings.app */;
			productType = "com.apple.product-type.application";
		};
		7D21B50A2134987D008222FD /* FavoriteThingsTests */ = {
			isa = PBXNativeTarget;
			buildConfigurationList = 7D21B5222134987D008222FD /* Build configuration list for PBXNativeTarget "FavoriteThingsTests" */;
			buildPhases = (
				7D21B5072134987D008222FD /* Sources */,
				7D21B5082134987D008222FD /* Frameworks */,
				7D21B5092134987D008222FD /* Resources */,
			);
			buildRules = (
			);
			dependencies = (
				7D21B50D2134987D008222FD /* PBXTargetDependency */,
			);
			name = FavoriteThingsTests;
			productName = FavoriteThingsTests;
			productReference = 7D21B50B2134987D008222FD /* FavoriteThingsTests.xctest */;
			productType = "com.apple.product-type.bundle.unit-test";
		};
		7D21B5152134987D008222FD /* FavoriteThingsUITests */ = {
			isa = PBXNativeTarget;
			buildConfigurationList = 7D21B5252134987D008222FD /* Build configuration list for PBXNativeTarget "FavoriteThingsUITests" */;
			buildPhases = (
				7D21B5122134987D008222FD /* Sources */,
				7D21B5132134987D008222FD /* Frameworks */,
				7D21B5142134987D008222FD /* Resources */,
			);
			buildRules = (
			);
			dependencies = (
				7D21B5182134987D008222FD /* PBXTargetDependency */,
			);
			name = FavoriteThingsUITests;
			productName = FavoriteThingsUITests;
			productReference = 7D21B5162134987D008222FD /* FavoriteThingsUITests.xctest */;
			productType = "com.apple.product-type.bundle.ui-testing";
		};
/* End PBXNativeTarget section */

/* Begin PBXProject section */
		7D21B4EF2134987C008222FD /* Project object */ = {
			isa = PBXProject;
			attributes = {
				LastSwiftUpdateCheck = 0940;
				LastUpgradeCheck = 0940;
				ORGANIZATIONNAME = "Mitchell Socia";
				TargetAttributes = {
					7D21B4F62134987C008222FD = {
						CreatedOnToolsVersion = 9.4.1;
					};
					7D21B50A2134987D008222FD = {
						CreatedOnToolsVersion = 9.4.1;
						TestTargetID = 7D21B4F62134987C008222FD;
					};
					7D21B5152134987D008222FD = {
						CreatedOnToolsVersion = 9.4.1;
						TestTargetID = 7D21B4F62134987C008222FD;
					};
				};
			};
			buildConfigurationList = 7D21B4F22134987C008222FD /* Build configuration list for PBXProject "FavoriteThings" */;
			compatibilityVersion = "Xcode 9.3";
			developmentRegion = en;
			hasScannedForEncodings = 0;
			knownRegions = (
				en,
				Base,
			);
			mainGroup = 7D21B4EE2134987C008222FD;
			productRefGroup = 7D21B4F82134987C008222FD /* Products */;
			projectDirPath = "";
			projectRoot = "";
			targets = (
				7D21B4F62134987C008222FD /* FavoriteThings */,
				7D21B50A2134987D008222FD /* FavoriteThingsTests */,
				7D21B5152134987D008222FD /* FavoriteThingsUITests */,
			);
		};
/* End PBXProject section */

/* Begin PBXResourcesBuildPhase section */
		7D21B4F52134987C008222FD /* Resources */ = {
			isa = PBXResourcesBuildPhase;
			buildActionMask = 2147483647;
			files = (
				7D21B5052134987D008222FD /* LaunchScreen.storyboard in Resources */,
				7D21B5022134987D008222FD /* Assets.xcassets in Resources */,
				7D21B5002134987C008222FD /* Main.storyboard in Resources */,
			);
			runOnlyForDeploymentPostprocessing = 0;
		};
		7D21B5092134987D008222FD /* Resources */ = {
			isa = PBXResourcesBuildPhase;
			buildActionMask = 2147483647;
			files = (
			);
			runOnlyForDeploymentPostprocessing = 0;
		};
		7D21B5142134987D008222FD /* Resources */ = {
			isa = PBXResourcesBuildPhase;
			buildActionMask = 2147483647;
			files = (
			);
			runOnlyForDeploymentPostprocessing = 0;
		};
/* End PBXResourcesBuildPhase section */

/* Begin PBXSourcesBuildPhase section */
		7D21B4F32134987C008222FD /* Sources */ = {
			isa = PBXSourcesBuildPhase;
			buildActionMask = 2147483647;
			files = (
				7D21B4FD2134987C008222FD /* ViewController.swift in Sources */,
				7D21B4FB2134987C008222FD /* AppDelegate.swift in Sources */,
			);
			runOnlyForDeploymentPostprocessing = 0;
		};
		7D21B5072134987D008222FD /* Sources */ = {
			isa = PBXSourcesBuildPhase;
			buildActionMask = 2147483647;
			files = (
				7D21B5102134987D008222FD /* FavoriteThingsTests.swift in Sources */,
			);
			runOnlyForDeploymentPostprocessing = 0;
		};
		7D21B5122134987D008222FD /* Sources */ = {
			isa = PBXSourcesBuildPhase;
			buildActionMask = 2147483647;
			files = (
				7D21B51B2134987D008222FD /* FavoriteThingsUITests.swift in Sources */,
			);
			runOnlyForDeploymentPostprocessing = 0;
		};
/* End PBXSourcesBuildPhase section */

/* Begin PBXTargetDependency section */
		7D21B50D2134987D008222FD /* PBXTargetDependency */ = {
			isa = PBXTargetDependency;
			target = 7D21B4F62134987C008222FD /* FavoriteThings */;
			targetProxy = 7D21B50C2134987D008222FD /* PBXContainerItemProxy */;
		};
		7D21B5182134987D008222FD /* PBXTargetDependency */ = {
			isa = PBXTargetDependency;
			target = 7D21B4F62134987C008222FD /* FavoriteThings */;
			targetProxy = 7D21B5172134987D008222FD /* PBXContainerItemProxy */;
		};
/* End PBXTargetDependency section */

/* Begin PBXVariantGroup section */
		7D21B4FE2134987C008222FD /* Main.storyboard */ = {
			isa = PBXVariantGroup;
			children = (
				7D21B4FF2134987C008222FD /* Base */,
			);
			name = Main.storyboard;
			sourceTree = "<group>";
		};
		7D21B5032134987D008222FD /* LaunchScreen.storyboard */ = {
			isa = PBXVariantGroup;
			children = (
				7D21B5042134987D008222FD /* Base */,
			);
			name = LaunchScreen.storyboard;
			sourceTree = "<group>";
		};
/* End PBXVariantGroup section */

/* Begin XCBuildConfiguration section */
		7D21B51D2134987D008222FD /* Debug */ = {
			isa = XCBuildConfiguration;
			buildSettings = {
				ALWAYS_SEARCH_USER_PATHS = NO;
				CLANG_ANALYZER_NONNULL = YES;
				CLANG_ANALYZER_NUMBER_OBJECT_CONVERSION = YES_AGGRESSIVE;
				CLANG_CXX_LANGUAGE_STANDARD = "gnu++14";
				CLANG_CXX_LIBRARY = "libc++";
				CLANG_ENABLE_MODULES = YES;
				CLANG_ENABLE_OBJC_ARC = YES;
				CLANG_ENABLE_OBJC_WEAK = YES;
				CLANG_WARN_BLOCK_CAPTURE_AUTORELEASING = YES;
				CLANG_WARN_BOOL_CONVERSION = YES;
				CLANG_WARN_COMMA = YES;
				CLANG_WARN_CONSTANT_CONVERSION = YES;
				CLANG_WARN_DEPRECATED_OBJC_IMPLEMENTATIONS = YES;
				CLANG_WARN_DIRECT_OBJC_ISA_USAGE = YES_ERROR;
				CLANG_WARN_DOCUMENTATION_COMMENTS = YES;
				CLANG_WARN_EMPTY_BODY = YES;
				CLANG_WARN_ENUM_CONVERSION = YES;
				CLANG_WARN_INFINITE_RECURSION = YES;
				CLANG_WARN_INT_CONVERSION = YES;
				CLANG_WARN_NON_LITERAL_NULL_CONVERSION = YES;
				CLANG_WARN_OBJC_IMPLICIT_RETAIN_SELF = YES;
				CLANG_WARN_OBJC_LITERAL_CONVERSION = YES;
				CLANG_WARN_OBJC_ROOT_CLASS = YES_ERROR;
				CLANG_WARN_RANGE_LOOP_ANALYSIS = YES;
				CLANG_WARN_STRICT_PROTOTYPES = YES;
				CLANG_WARN_SUSPICIOUS_MOVE = YES;
				CLANG_WARN_UNGUARDED_AVAILABILITY = YES_AGGRESSIVE;
				CLANG_WARN_UNREACHABLE_CODE = YES;
				CLANG_WARN__DUPLICATE_METHOD_MATCH = YES;
				CODE_SIGN_IDENTITY = "iPhone Developer";
				COPY_PHASE_STRIP = NO;
				DEBUG_INFORMATION_FORMAT = dwarf;
				ENABLE_STRICT_OBJC_MSGSEND = YES;
				ENABLE_TESTABILITY = YES;
				GCC_C_LANGUAGE_STANDARD = gnu11;
				GCC_DYNAMIC_NO_PIC = NO;
				GCC_NO_COMMON_BLOCKS = YES;
				GCC_OPTIMIZATION_LEVEL = 0;
				GCC_PREPROCESSOR_DEFINITIONS = (
					"DEBUG=1",
					"$(inherited)",
				);
				GCC_WARN_64_TO_32_BIT_CONVERSION = YES;
				GCC_WARN_ABOUT_RETURN_TYPE = YES_ERROR;
				GCC_WARN_UNDECLARED_SELECTOR = YES;
				GCC_WARN_UNINITIALIZED_AUTOS = YES_AGGRESSIVE;
				GCC_WARN_UNUSED_FUNCTION = YES;
				GCC_WARN_UNUSED_VARIABLE = YES;
				IPHONEOS_DEPLOYMENT_TARGET = 11.4;
				MTL_ENABLE_DEBUG_INFO = YES;
				ONLY_ACTIVE_ARCH = YES;
				SDKROOT = iphoneos;
				SWIFT_ACTIVE_COMPILATION_CONDITIONS = DEBUG;
				SWIFT_OPTIMIZATION_LEVEL = "-Onone";
			};
			name = Debug;
		};
		7D21B51E2134987D008222FD /* Release */ = {
			isa = XCBuildConfiguration;
			buildSettings = {
				ALWAYS_SEARCH_USER_PATHS = NO;
				CLANG_ANALYZER_NONNULL = YES;
				CLANG_ANALYZER_NUMBER_OBJECT_CONVERSION = YES_AGGRESSIVE;
				CLANG_CXX_LANGUAGE_STANDARD = "gnu++14";
				CLANG_CXX_LIBRARY = "libc++";
				CLANG_ENABLE_MODULES = YES;
				CLANG_ENABLE_OBJC_ARC = YES;
				CLANG_ENABLE_OBJC_WEAK = YES;
				CLANG_WARN_BLOCK_CAPTURE_AUTORELEASING = YES;
				CLANG_WARN_BOOL_CONVERSION = YES;
				CLANG_WARN_COMMA = YES;
				CLANG_WARN_CONSTANT_CONVERSION = YES;
				CLANG_WARN_DEPRECATED_OBJC_IMPLEMENTATIONS = YES;
				CLANG_WARN_DIRECT_OBJC_ISA_USAGE = YES_ERROR;
				CLANG_WARN_DOCUMENTATION_COMMENTS = YES;
				CLANG_WARN_EMPTY_BODY = YES;
				CLANG_WARN_ENUM_CONVERSION = YES;
				CLANG_WARN_INFINITE_RECURSION = YES;
				CLANG_WARN_INT_CONVERSION = YES;
				CLANG_WARN_NON_LITERAL_NULL_CONVERSION = YES;
				CLANG_WARN_OBJC_IMPLICIT_RETAIN_SELF = YES;
				CLANG_WARN_OBJC_LITERAL_CONVERSION = YES;
				CLANG_WARN_OBJC_ROOT_CLASS = YES_ERROR;
				CLANG_WARN_RANGE_LOOP_ANALYSIS = YES;
				CLANG_WARN_STRICT_PROTOTYPES = YES;
				CLANG_WARN_SUSPICIOUS_MOVE = YES;
				CLANG_WARN_UNGUARDED_AVAILABILITY = YES_AGGRESSIVE;
				CLANG_WARN_UNREACHABLE_CODE = YES;
				CLANG_WARN__DUPLICATE_METHOD_MATCH = YES;
				CODE_SIGN_IDENTITY = "iPhone Developer";
				COPY_PHASE_STRIP = NO;
				DEBUG_INFORMATION_FORMAT = "dwarf-with-dsym";
				ENABLE_NS_ASSERTIONS = NO;
				ENABLE_STRICT_OBJC_MSGSEND = YES;
				GCC_C_LANGUAGE_STANDARD = gnu11;
				GCC_NO_COMMON_BLOCKS = YES;
				GCC_WARN_64_TO_32_BIT_CONVERSION = YES;
				GCC_WARN_ABOUT_RETURN_TYPE = YES_ERROR;
				GCC_WARN_UNDECLARED_SELECTOR = YES;
				GCC_WARN_UNINITIALIZED_AUTOS = YES_AGGRESSIVE;
				GCC_WARN_UNUSED_FUNCTION = YES;
				GCC_WARN_UNUSED_VARIABLE = YES;
				IPHONEOS_DEPLOYMENT_TARGET = 11.4;
				MTL_ENABLE_DEBUG_INFO = NO;
				SDKROOT = iphoneos;
				SWIFT_COMPILATION_MODE = wholemodule;
				SWIFT_OPTIMIZATION_LEVEL = "-O";
				VALIDATE_PRODUCT = YES;
			};
			name = Release;
		};
		7D21B5202134987D008222FD /* Debug */ = {
			isa = XCBuildConfiguration;
			buildSettings = {
				ASSETCATALOG_COMPILER_APPICON_NAME = AppIcon;
				CODE_SIGN_STYLE = Automatic;
				INFOPLIST_FILE = FavoriteThings/Info.plist;
				LD_RUNPATH_SEARCH_PATHS = (
					"$(inherited)",
					"@executable_path/Frameworks",
				);
				PRODUCT_BUNDLE_IDENTIFIER = com.detroitlabs.FavoriteThings;
				PRODUCT_NAME = "$(TARGET_NAME)";
				SWIFT_VERSION = 4.0;
				TARGETED_DEVICE_FAMILY = "1,2";
			};
			name = Debug;
		};
		7D21B5212134987D008222FD /* Release */ = {
			isa = XCBuildConfiguration;
			buildSettings = {
				ASSETCATALOG_COMPILER_APPICON_NAME = AppIcon;
				CODE_SIGN_STYLE = Automatic;
				INFOPLIST_FILE = FavoriteThings/Info.plist;
				LD_RUNPATH_SEARCH_PATHS = (
					"$(inherited)",
					"@executable_path/Frameworks",
				);
				PRODUCT_BUNDLE_IDENTIFIER = com.detroitlabs.FavoriteThings;
				PRODUCT_NAME = "$(TARGET_NAME)";
				SWIFT_VERSION = 4.0;
				TARGETED_DEVICE_FAMILY = "1,2";
			};
			name = Release;
		};
		7D21B5232134987D008222FD /* Debug */ = {
			isa = XCBuildConfiguration;
			buildSettings = {
				ALWAYS_EMBED_SWIFT_STANDARD_LIBRARIES = YES;
				BUNDLE_LOADER = "$(TEST_HOST)";
				CODE_SIGN_STYLE = Automatic;
				INFOPLIST_FILE = FavoriteThingsTests/Info.plist;
				LD_RUNPATH_SEARCH_PATHS = (
					"$(inherited)",
					"@executable_path/Frameworks",
					"@loader_path/Frameworks",
				);
				PRODUCT_BUNDLE_IDENTIFIER = com.detroitlabs.FavoriteThingsTests;
				PRODUCT_NAME = "$(TARGET_NAME)";
				SWIFT_VERSION = 4.0;
				TARGETED_DEVICE_FAMILY = "1,2";
				TEST_HOST = "$(BUILT_PRODUCTS_DIR)/FavoriteThings.app/FavoriteThings";
			};
			name = Debug;
		};
		7D21B5242134987D008222FD /* Release */ = {
			isa = XCBuildConfiguration;
			buildSettings = {
				ALWAYS_EMBED_SWIFT_STANDARD_LIBRARIES = YES;
				BUNDLE_LOADER = "$(TEST_HOST)";
				CODE_SIGN_STYLE = Automatic;
				INFOPLIST_FILE = FavoriteThingsTests/Info.plist;
				LD_RUNPATH_SEARCH_PATHS = (
					"$(inherited)",
					"@executable_path/Frameworks",
					"@loader_path/Frameworks",
				);
				PRODUCT_BUNDLE_IDENTIFIER = com.detroitlabs.FavoriteThingsTests;
				PRODUCT_NAME = "$(TARGET_NAME)";
				SWIFT_VERSION = 4.0;
				TARGETED_DEVICE_FAMILY = "1,2";
				TEST_HOST = "$(BUILT_PRODUCTS_DIR)/FavoriteThings.app/FavoriteThings";
			};
			name = Release;
		};
		7D21B5262134987D008222FD /* Debug */ = {
			isa = XCBuildConfiguration;
			buildSettings = {
				ALWAYS_EMBED_SWIFT_STANDARD_LIBRARIES = YES;
				CODE_SIGN_STYLE = Automatic;
				INFOPLIST_FILE = FavoriteThingsUITests/Info.plist;
				LD_RUNPATH_SEARCH_PATHS = (
					"$(inherited)",
					"@executable_path/Frameworks",
					"@loader_path/Frameworks",
				);
				PRODUCT_BUNDLE_IDENTIFIER = com.detroitlabs.FavoriteThingsUITests;
				PRODUCT_NAME = "$(TARGET_NAME)";
				SWIFT_VERSION = 4.0;
				TARGETED_DEVICE_FAMILY = "1,2";
				TEST_TARGET_NAME = FavoriteThings;
			};
			name = Debug;
		};
		7D21B5272134987D008222FD /* Release */ = {
			isa = XCBuildConfiguration;
			buildSettings = {
				ALWAYS_EMBED_SWIFT_STANDARD_LIBRARIES = YES;
				CODE_SIGN_STYLE = Automatic;
				INFOPLIST_FILE = FavoriteThingsUITests/Info.plist;
				LD_RUNPATH_SEARCH_PATHS = (
					"$(inherited)",
					"@executable_path/Frameworks",
					"@loader_path/Frameworks",
				);
				PRODUCT_BUNDLE_IDENTIFIER = com.detroitlabs.FavoriteThingsUITests;
				PRODUCT_NAME = "$(TARGET_NAME)";
				SWIFT_VERSION = 4.0;
				TARGETED_DEVICE_FAMILY = "1,2";
				TEST_TARGET_NAME = FavoriteThings;
			};
			name = Release;
		};
/* End XCBuildConfiguration section */

/* Begin XCConfigurationList section */
		7D21B4F22134987C008222FD /* Build configuration list for PBXProject "FavoriteThings" */ = {
			isa = XCConfigurationList;
			buildConfigurations = (
				7D21B51D2134987D008222FD /* Debug */,
				7D21B51E2134987D008222FD /* Release */,
			);
			defaultConfigurationIsVisible = 0;
			defaultConfigurationName = Release;
		};
		7D21B51F2134987D008222FD /* Build configuration list for PBXNativeTarget "FavoriteThings" */ = {
			isa = XCConfigurationList;
			buildConfigurations = (
				7D21B5202134987D008222FD /* Debug */,
				7D21B5212134987D008222FD /* Release */,
			);
			defaultConfigurationIsVisible = 0;
			defaultConfigurationName = Release;
		};
		7D21B5222134987D008222FD /* Build configuration list for PBXNativeTarget "FavoriteThingsTests" */ = {
			isa = XCConfigurationList;
			buildConfigurations = (
				7D21B5232134987D008222FD /* Debug */,
				7D21B5242134987D008222FD /* Release */,
			);
			defaultConfigurationIsVisible = 0;
			defaultConfigurationName = Release;
		};
		7D21B5252134987D008222FD /* Build configuration list for PBXNativeTarget "FavoriteThingsUITests" */ = {
			isa = XCConfigurationList;
			buildConfigurations = (
				7D21B5262134987D008222FD /* Debug */,
				7D21B5272134987D008222FD /* Release */,
			);
			defaultConfigurationIsVisible = 0;
			defaultConfigurationName = Release;
		};
/* End XCConfigurationList section */
	};
	rootObject = 7D21B4EF2134987C008222FD /* Project object */;
}
